
Microsoft Visual Studio Solution File, Format Version 12.00
# Visual Studio 15
VisualStudioVersion = 15.0.28307.489
MinimumVisualStudioVersion = 10.0.40219.1
Project("{9A19103F-16F7-4668-BE54-9A1E7A4F7556}") = "API-SwitchBack", "API-SwitchBack\API-SwitchBack.csproj", "{FD80BB8B-920E-4EFC-9E6D-2957812D1C59}"
EndProject
Project("{FAE04EC0-301F-11D3-BF4B-00C04F79EFBC}") = "GetterSetterTest", "GetterSetterTest\GetterSetterTest.csproj", "{78243C70-B19B-4B9E-85B3-9C03693E24FB}"
EndProject
Global
	GlobalSection(SolutionConfigurationPlatforms) = preSolution
		Debug|Any CPU = Debug|Any CPU
		Release|Any CPU = Release|Any CPU
	EndGlobalSection
	GlobalSection(ProjectConfigurationPlatforms) = postSolution
		{FD80BB8B-920E-4EFC-9E6D-2957812D1C59}.Debug|Any CPU.ActiveCfg = Debug|Any CPU
		{FD80BB8B-920E-4EFC-9E6D-2957812D1C59}.Debug|Any CPU.Build.0 = Debug|Any CPU
		{FD80BB8B-920E-4EFC-9E6D-2957812D1C59}.Release|Any CPU.ActiveCfg = Release|Any CPU
		{FD80BB8B-920E-4EFC-9E6D-2957812D1C59}.Release|Any CPU.Build.0 = Release|Any CPU
		{78243C70-B19B-4B9E-85B3-9C03693E24FB}.Debug|Any CPU.ActiveCfg = Debug|Any CPU
		{78243C70-B19B-4B9E-85B3-9C03693E24FB}.Debug|Any CPU.Build.0 = Debug|Any CPU
		{78243C70-B19B-4B9E-85B3-9C03693E24FB}.Release|Any CPU.ActiveCfg = Release|Any CPU
		{78243C70-B19B-4B9E-85B3-9C03693E24FB}.Release|Any CPU.Build.0 = Release|Any CPU
	EndGlobalSection
	GlobalSection(SolutionProperties) = preSolution
		HideSolutionNode = FALSE
	EndGlobalSection
	GlobalSection(ExtensibilityGlobals) = postSolution
		SolutionGuid = {7C12DDFF-781A-4E7E-ACBA-E06C86CCD53E}
	EndGlobalSection
EndGlobal
