
Microsoft Visual Studio Solution File, Format Version 12.00
# Visual Studio 15
VisualStudioVersion = 15.0.28307.489
MinimumVisualStudioVersion = 10.0.40219.1
Project("{FAE04EC0-301F-11D3-BF4B-00C04F79EFBC}") = "Switchback", "Switchback\Switchback.csproj", "{DF44D1D7-26D2-4641-950B-01530F7D59E3}"
EndProject
Global
	GlobalSection(SolutionConfigurationPlatforms) = preSolution
		Debug|Any CPU = Debug|Any CPU
		Release|Any CPU = Release|Any CPU
	EndGlobalSection
	GlobalSection(ProjectConfigurationPlatforms) = postSolution
		{DF44D1D7-26D2-4641-950B-01530F7D59E3}.Debug|Any CPU.ActiveCfg = Debug|Any CPU
		{DF44D1D7-26D2-4641-950B-01530F7D59E3}.Debug|Any CPU.Build.0 = Debug|Any CPU
		{DF44D1D7-26D2-4641-950B-01530F7D59E3}.Release|Any CPU.ActiveCfg = Release|Any CPU
		{DF44D1D7-26D2-4641-950B-01530F7D59E3}.Release|Any CPU.Build.0 = Release|Any CPU
	EndGlobalSection
	GlobalSection(SolutionProperties) = preSolution
		HideSolutionNode = FALSE
	EndGlobalSection
	GlobalSection(ExtensibilityGlobals) = postSolution
		SolutionGuid = {0E6A9C4B-3444-4BA5-9AB5-565BD286C50D}
	EndGlobalSection
EndGlobal
